// !$*UTF8*$!
{
	archiveVersion = 1;
	classes = {
	};
	objectVersion = 70;
	objects = {

/* Begin PBXBuildFile section */
		3730AE912E42AAE500208B7B /* ContentView.swift in Sources */ = {isa = PBXBuildFile; fileRef = 3779699027A6749700F0EF3C /* ContentView.swift */; };
		3730AE922E42AB2000208B7B /* TestRunner.swift in Sources */ = {isa = PBXBuildFile; fileRef = 377969B927A6755A00F0EF3C /* TestRunner.swift */; };
		3730AE932E42AE1800208B7B /* libiostest.a in Frameworks */ = {isa = PBXBuildFile; fileRef = 377969C127A6824D00F0EF3C /* libiostest.a */; };
		3730AE942E42AE2500208B7B /* libresolv.tbd in Frameworks */ = {isa = PBXBuildFile; fileRef = 377969C327A6826300F0EF3C /* libresolv.tbd */; };
		3730AE962E42AFCE00208B7B /* create-library.sh in Resources */ = {isa = PBXBuildFile; fileRef = 377969BE27A67A3A00F0EF3C /* create-library.sh */; };
		3730AE982E42AFCE00208B7B /* test-spec.sh in Resources */ = {isa = PBXBuildFile; fileRef = 37C7AC0227BA095B004C69C2 /* test-spec.sh */; };
		3730AE9A2E42AFCE00208B7B /* create-library.sh in Resources */ = {isa = PBXBuildFile; fileRef = 377969BE27A67A3A00F0EF3C /* create-library.sh */; };
		3730AE9B2E42AFCE00208B7B /* test-spec.sh in Resources */ = {isa = PBXBuildFile; fileRef = 37C7AC0227BA095B004C69C2 /* test-spec.sh */; };
		3779698F27A6749700F0EF3C /* ios_test_harnessApp.swift in Sources */ = {isa = PBXBuildFile; fileRef = 3779698E27A6749700F0EF3C /* ios_test_harnessApp.swift */; };
		3779699127A6749700F0EF3C /* ContentView.swift in Sources */ = {isa = PBXBuildFile; fileRef = 3779699027A6749700F0EF3C /* ContentView.swift */; };
		3779699327A6749A00F0EF3C /* Assets.xcassets in Resources */ = {isa = PBXBuildFile; fileRef = 3779699227A6749A00F0EF3C /* Assets.xcassets */; };
		3779699627A6749A00F0EF3C /* Preview Assets.xcassets in Resources */ = {isa = PBXBuildFile; fileRef = 3779699527A6749A00F0EF3C /* Preview Assets.xcassets */; };
		377969BA27A6755A00F0EF3C /* TestRunner.swift in Sources */ = {isa = PBXBuildFile; fileRef = 377969B927A6755A00F0EF3C /* TestRunner.swift */; };
		377969C227A6824D00F0EF3C /* libiostest.a in Frameworks */ = {isa = PBXBuildFile; fileRef = 377969C127A6824D00F0EF3C /* libiostest.a */; };
		377969C427A6826300F0EF3C /* libresolv.tbd in Frameworks */ = {isa = PBXBuildFile; fileRef = 377969C327A6826300F0EF3C /* libresolv.tbd */; };
/* End PBXBuildFile section */

/* Begin PBXFileReference section */
		3730AE852E42A6B900208B7B /* macos-test-harness.app */ = {isa = PBXFileReference; explicitFileType = wrapper.application; includeInIndex = 0; path = "macos-test-harness.app"; sourceTree = BUILT_PRODUCTS_DIR; };
		3779698B27A6749700F0EF3C /* iOS Test Harness.app */ = {isa = PBXFileReference; explicitFileType = wrapper.application; includeInIndex = 0; path = "iOS Test Harness.app"; sourceTree = BUILT_PRODUCTS_DIR; };
		3779698E27A6749700F0EF3C /* ios_test_harnessApp.swift */ = {isa = PBXFileReference; lastKnownFileType = sourcecode.swift; path = ios_test_harnessApp.swift; sourceTree = "<group>"; };
		3779699027A6749700F0EF3C /* ContentView.swift */ = {isa = PBXFileReference; lastKnownFileType = sourcecode.swift; path = ContentView.swift; sourceTree = "<group>"; };
		3779699227A6749A00F0EF3C /* Assets.xcassets */ = {isa = PBXFileReference; lastKnownFileType = folder.assetcatalog; path = Assets.xcassets; sourceTree = "<group>"; };
		3779699527A6749A00F0EF3C /* Preview Assets.xcassets */ = {isa = PBXFileReference; lastKnownFileType = folder.assetcatalog; path = "Preview Assets.xcassets"; sourceTree = "<group>"; };
		377969B927A6755A00F0EF3C /* TestRunner.swift */ = {isa = PBXFileReference; lastKnownFileType = sourcecode.swift; path = TestRunner.swift; sourceTree = "<group>"; };
		377969BB27A675E800F0EF3C /* test.h */ = {isa = PBXFileReference; lastKnownFileType = sourcecode.c.h; path = test.h; sourceTree = "<group>"; };
		377969BC27A6771500F0EF3C /* test-Bridging-Header.h */ = {isa = PBXFileReference; lastKnownFileType = sourcecode.c.h; path = "test-Bridging-Header.h"; sourceTree = "<group>"; };
		377969BE27A67A3A00F0EF3C /* create-library.sh */ = {isa = PBXFileReference; lastKnownFileType = text.script.sh; path = "create-library.sh"; sourceTree = "<group>"; };
		377969C127A6824D00F0EF3C /* libiostest.a */ = {isa = PBXFileReference; lastKnownFileType = archive.ar; name = libiostest.a; path = "test-runner/libiostest.a"; sourceTree = "<group>"; };
		377969C327A6826300F0EF3C /* libresolv.tbd */ = {isa = PBXFileReference; lastKnownFileType = "sourcecode.text-based-dylib-definition"; name = libresolv.tbd; path = usr/lib/libresolv.tbd; sourceTree = SDKROOT; };
		37C7AC0127B8E179004C69C2 /* test-spec.sample.sh */ = {isa = PBXFileReference; lastKnownFileType = text.script.sh; path = "test-spec.sample.sh"; sourceTree = "<group>"; };
		37C7AC0227BA095B004C69C2 /* test-spec.sh */ = {isa = PBXFileReference; lastKnownFileType = text.script.sh; path = "test-spec.sh"; sourceTree = "<group>"; };
		37E6FB622E43C59A00D77CA6 /* ios-test-harness.entitlements */ = {isa = PBXFileReference; lastKnownFileType = text.plist.entitlements; path = "ios-test-harness.entitlements"; sourceTree = "<group>"; };
/* End PBXFileReference section */

/* Begin PBXFileSystemSynchronizedRootGroup section */
		3730AE862E42A6B900208B7B /* macos-test-harness */ = {isa = PBXFileSystemSynchronizedRootGroup; explicitFileTypes = {}; explicitFolders = (); path = "macos-test-harness"; sourceTree = "<group>"; };
/* End PBXFileSystemSynchronizedRootGroup section */

/* Begin PBXFrameworksBuildPhase section */
		3730AE822E42A6B900208B7B /* Frameworks */ = {
			isa = PBXFrameworksBuildPhase;
			buildActionMask = 2147483647;
			files = (
				3730AE932E42AE1800208B7B /* libiostest.a in Frameworks */,
				3730AE942E42AE2500208B7B /* libresolv.tbd in Frameworks */,
			);
			runOnlyForDeploymentPostprocessing = 0;
		};
		3779698827A6749700F0EF3C /* Frameworks */ = {
			isa = PBXFrameworksBuildPhase;
			buildActionMask = 2147483647;
			files = (
				377969C227A6824D00F0EF3C /* libiostest.a in Frameworks */,
				377969C427A6826300F0EF3C /* libresolv.tbd in Frameworks */,
			);
			runOnlyForDeploymentPostprocessing = 0;
		};
/* End PBXFrameworksBuildPhase section */

/* Begin PBXGroup section */
		3779698227A6749700F0EF3C = {
			isa = PBXGroup;
			children = (
				37C7AC0127B8E179004C69C2 /* test-spec.sample.sh */,
				37C7AC0227BA095B004C69C2 /* test-spec.sh */,
				377969B827A6751200F0EF3C /* test-runner */,
				3779698D27A6749700F0EF3C /* ios-test-harness */,
				3730AE862E42A6B900208B7B /* macos-test-harness */,
				3779698C27A6749700F0EF3C /* Products */,
				377969C027A6824C00F0EF3C /* Frameworks */,
			);
			sourceTree = "<group>";
		};
		3779698C27A6749700F0EF3C /* Products */ = {
			isa = PBXGroup;
			children = (
				3779698B27A6749700F0EF3C /* iOS Test Harness.app */,
				3730AE852E42A6B900208B7B /* macos-test-harness.app */,
			);
			name = Products;
			sourceTree = "<group>";
		};
		3779698D27A6749700F0EF3C /* ios-test-harness */ = {
			isa = PBXGroup;
			children = (
				37E6FB622E43C59A00D77CA6 /* ios-test-harness.entitlements */,
				3779698E27A6749700F0EF3C /* ios_test_harnessApp.swift */,
				3779699227A6749A00F0EF3C /* Assets.xcassets */,
				3779699427A6749A00F0EF3C /* Preview Content */,
			);
			path = "ios-test-harness";
			sourceTree = "<group>";
		};
		3779699427A6749A00F0EF3C /* Preview Content */ = {
			isa = PBXGroup;
			children = (
				3779699527A6749A00F0EF3C /* Preview Assets.xcassets */,
			);
			path = "Preview Content";
			sourceTree = "<group>";
		};
		377969B827A6751200F0EF3C /* test-runner */ = {
			isa = PBXGroup;
			children = (
				377969BB27A675E800F0EF3C /* test.h */,
				377969BC27A6771500F0EF3C /* test-Bridging-Header.h */,
				377969BE27A67A3A00F0EF3C /* create-library.sh */,
				377969B927A6755A00F0EF3C /* TestRunner.swift */,
				3779699027A6749700F0EF3C /* ContentView.swift */,
			);
			path = "test-runner";
			sourceTree = "<group>";
		};
		377969C027A6824C00F0EF3C /* Frameworks */ = {
			isa = PBXGroup;
			children = (
				377969C127A6824D00F0EF3C /* libiostest.a */,
				377969C327A6826300F0EF3C /* libresolv.tbd */,
			);
			name = Frameworks;
			sourceTree = "<group>";
		};
/* End PBXGroup section */

/* Begin PBXNativeTarget section */
		3730AE842E42A6B900208B7B /* macos-test-harness */ = {
			isa = PBXNativeTarget;
			buildConfigurationList = 3730AE902E42A6B900208B7B /* Build configuration list for PBXNativeTarget "macos-test-harness" */;
			buildPhases = (
				3730AE952E42AEA800208B7B /* create library */,
				3730AE812E42A6B900208B7B /* Sources */,
				3730AE822E42A6B900208B7B /* Frameworks */,
				3730AE832E42A6B900208B7B /* Resources */,
			);
			buildRules = (
			);
			dependencies = (
			);
			fileSystemSynchronizedGroups = (
				3730AE862E42A6B900208B7B /* macos-test-harness */,
			);
			name = "macos-test-harness";
			packageProductDependencies = (
			);
			productName = "macos-test-harness";
			productReference = 3730AE852E42A6B900208B7B /* macos-test-harness.app */;
			productType = "com.apple.product-type.application";
		};
		3779698A27A6749700F0EF3C /* ios-test-harness */ = {
			isa = PBXNativeTarget;
			buildConfigurationList = 377969AF27A6749B00F0EF3C /* Build configuration list for PBXNativeTarget "ios-test-harness" */;
			buildPhases = (
				377969BF27A6816900F0EF3C /* create library */,
				3779698727A6749700F0EF3C /* Sources */,
				3779698827A6749700F0EF3C /* Frameworks */,
				3779698927A6749700F0EF3C /* Resources */,
			);
			buildRules = (
			);
			dependencies = (
			);
			name = "ios-test-harness";
			productName = "static-test-harness";
			productReference = 3779698B27A6749700F0EF3C /* iOS Test Harness.app */;
			productType = "com.apple.product-type.application";
		};
/* End PBXNativeTarget section */

/* Begin PBXProject section */
		3779698327A6749700F0EF3C /* Project object */ = {
			isa = PBXProject;
			attributes = {
				BuildIndependentTargetsInParallel = 1;
				LastSwiftUpdateCheck = 1640;
				LastUpgradeCheck = 1540;
				TargetAttributes = {
					3730AE842E42A6B900208B7B = {
						CreatedOnToolsVersion = 16.4;
					};
					3779698A27A6749700F0EF3C = {
						CreatedOnToolsVersion = 13.2.1;
					};
				};
			};
			buildConfigurationList = 3779698627A6749700F0EF3C /* Build configuration list for PBXProject "rust-test-harness" */;
			compatibilityVersion = "Xcode 13.0";
			developmentRegion = en;
			hasScannedForEncodings = 0;
			knownRegions = (
				en,
				Base,
			);
			mainGroup = 3779698227A6749700F0EF3C;
			productRefGroup = 3779698C27A6749700F0EF3C /* Products */;
			projectDirPath = "";
			projectRoot = "";
			targets = (
				3779698A27A6749700F0EF3C /* ios-test-harness */,
				3730AE842E42A6B900208B7B /* macos-test-harness */,
			);
		};
/* End PBXProject section */

/* Begin PBXResourcesBuildPhase section */
		3730AE832E42A6B900208B7B /* Resources */ = {
			isa = PBXResourcesBuildPhase;
			buildActionMask = 2147483647;
			files = (
				3730AE9A2E42AFCE00208B7B /* create-library.sh in Resources */,
				3730AE9B2E42AFCE00208B7B /* test-spec.sh in Resources */,
			);
			runOnlyForDeploymentPostprocessing = 0;
		};
		3779698927A6749700F0EF3C /* Resources */ = {
			isa = PBXResourcesBuildPhase;
			buildActionMask = 2147483647;
			files = (
				3779699627A6749A00F0EF3C /* Preview Assets.xcassets in Resources */,
				3730AE962E42AFCE00208B7B /* create-library.sh in Resources */,
				3730AE982E42AFCE00208B7B /* test-spec.sh in Resources */,
				3779699327A6749A00F0EF3C /* Assets.xcassets in Resources */,
			);
			runOnlyForDeploymentPostprocessing = 0;
		};
/* End PBXResourcesBuildPhase section */

/* Begin PBXShellScriptBuildPhase section */
		3730AE952E42AEA800208B7B /* create library */ = {
			isa = PBXShellScriptBuildPhase;
			alwaysOutOfDate = 1;
			buildActionMask = 2147483647;
			files = (
			);
			inputFileListPaths = (
			);
			inputPaths = (
				"$(PROJECT_DIR)/test-spec.sh",
				"${PROJECT_DIR}/test-runner/create-library.sh",
			);
			name = "create library";
			outputFileListPaths = (
			);
			outputPaths = (
				"$(DERIVED_FILE_DIR)/${ARCHS}/libiostest.a",
			);
			runOnlyForDeploymentPostprocessing = 0;
			shellPath = /bin/sh;
			shellScript = "source ${PROJECT_DIR}/test-runner/create-library.sh\n";
			showEnvVarsInLog = 0;
		};
		377969BF27A6816900F0EF3C /* create library */ = {
			isa = PBXShellScriptBuildPhase;
			alwaysOutOfDate = 1;
			buildActionMask = 2147483647;
			files = (
			);
			inputFileListPaths = (
			);
			inputPaths = (
				"$(PROJECT_DIR)/test-spec.sh",
			);
			name = "create library";
			outputFileListPaths = (
			);
			outputPaths = (
				"$(DERIVED_FILE_DIR)/libiostest.a",
			);
			runOnlyForDeploymentPostprocessing = 0;
			shellPath = /bin/sh;
			shellScript = "source ${PROJECT_DIR}/test-runner/create-library.sh\n";
			showEnvVarsInLog = 0;
		};
/* End PBXShellScriptBuildPhase section */

/* Begin PBXSourcesBuildPhase section */
		3730AE812E42A6B900208B7B /* Sources */ = {
			isa = PBXSourcesBuildPhase;
			buildActionMask = 2147483647;
			files = (
				3730AE922E42AB2000208B7B /* TestRunner.swift in Sources */,
				3730AE912E42AAE500208B7B /* ContentView.swift in Sources */,
			);
			runOnlyForDeploymentPostprocessing = 0;
		};
		3779698727A6749700F0EF3C /* Sources */ = {
			isa = PBXSourcesBuildPhase;
			buildActionMask = 2147483647;
			files = (
				3779699127A6749700F0EF3C /* ContentView.swift in Sources */,
				377969BA27A6755A00F0EF3C /* TestRunner.swift in Sources */,
				3779698F27A6749700F0EF3C /* ios_test_harnessApp.swift in Sources */,
			);
			runOnlyForDeploymentPostprocessing = 0;
		};
/* End PBXSourcesBuildPhase section */

/* Begin XCBuildConfiguration section */
		3730AE8E2E42A6B900208B7B /* Debug */ = {
			isa = XCBuildConfiguration;
			buildSettings = {
				ASSETCATALOG_COMPILER_APPICON_NAME = AppIcon;
				ASSETCATALOG_COMPILER_GENERATE_SWIFT_ASSET_SYMBOL_EXTENSIONS = YES;
				ASSETCATALOG_COMPILER_GLOBAL_ACCENT_COLOR_NAME = AccentColor;
				CLANG_CXX_LANGUAGE_STANDARD = "gnu++20";
				CODE_SIGN_ENTITLEMENTS = "macos-test-harness/macos_test_harness.entitlements";
				CODE_SIGN_IDENTITY = "Apple Development";
				CODE_SIGN_STYLE = Automatic;
				COMBINE_HIDPI_IMAGES = YES;
				CURRENT_PROJECT_VERSION = 2.0.1;
				DEVELOPMENT_TEAM = 85H73V9R3F;
				ENABLE_HARDENED_RUNTIME = YES;
				ENABLE_PREVIEWS = YES;
				ENABLE_USER_SCRIPT_SANDBOXING = NO;
				GCC_C_LANGUAGE_STANDARD = gnu17;
				GENERATE_INFOPLIST_FILE = YES;
				INFOPLIST_KEY_NSHumanReadableCopyright = "";
				LD_RUNPATH_SEARCH_PATHS = (
					"$(inherited)",
					"@executable_path/../Frameworks",
				);
				LIBRARY_SEARCH_PATHS = (
					"$(inherited)",
					"$(PROJECT_DIR)/test-runner",
				);
				"LIBRARY_SEARCH_PATHS[arch=*]" = "$(DERIVED_FILES_DIR)";
				LOCALIZATION_PREFERS_STRING_CATALOGS = YES;
				MACOSX_DEPLOYMENT_TARGET = 15.5;
				MARKETING_VERSION = 2.0;
				PRODUCT_BUNDLE_IDENTIFIER = "com.brotsky.rust-test-harness";
				PRODUCT_NAME = "$(TARGET_NAME)";
				PROVISIONING_PROFILE_SPECIFIER = "";
				REGISTER_APP_GROUPS = YES;
				SDKROOT = macosx;
				SWIFT_ACTIVE_COMPILATION_CONDITIONS = "DEBUG $(inherited)";
				SWIFT_EMIT_LOC_STRINGS = YES;
				SWIFT_OBJC_BRIDGING_HEADER = "${PROJECT_DIR}/test-runner/test-Bridging-Header.h";
				SWIFT_VERSION = 5.0;
			};
			name = Debug;
		};
		3730AE8F2E42A6B900208B7B /* Release */ = {
			isa = XCBuildConfiguration;
			buildSettings = {
				ASSETCATALOG_COMPILER_APPICON_NAME = AppIcon;
				ASSETCATALOG_COMPILER_GENERATE_SWIFT_ASSET_SYMBOL_EXTENSIONS = YES;
				ASSETCATALOG_COMPILER_GLOBAL_ACCENT_COLOR_NAME = AccentColor;
				CLANG_CXX_LANGUAGE_STANDARD = "gnu++20";
				CODE_SIGN_ENTITLEMENTS = "macos-test-harness/macos_test_harness.entitlements";
				CODE_SIGN_IDENTITY = "Apple Development";
				CODE_SIGN_STYLE = Automatic;
				COMBINE_HIDPI_IMAGES = YES;
				CURRENT_PROJECT_VERSION = 2.0.1;
				DEVELOPMENT_TEAM = 85H73V9R3F;
				ENABLE_HARDENED_RUNTIME = YES;
				ENABLE_PREVIEWS = YES;
				ENABLE_USER_SCRIPT_SANDBOXING = NO;
				GCC_C_LANGUAGE_STANDARD = gnu17;
				GENERATE_INFOPLIST_FILE = YES;
				INFOPLIST_KEY_NSHumanReadableCopyright = "";
				LD_RUNPATH_SEARCH_PATHS = (
					"$(inherited)",
					"@executable_path/../Frameworks",
				);
				LIBRARY_SEARCH_PATHS = (
					"$(inherited)",
					"$(PROJECT_DIR)/test-runner",
				);
				"LIBRARY_SEARCH_PATHS[arch=*]" = "$(DERIVED_FILES_DIR)";
				LOCALIZATION_PREFERS_STRING_CATALOGS = YES;
				MACOSX_DEPLOYMENT_TARGET = 15.5;
				MARKETING_VERSION = 2.0;
				PRODUCT_BUNDLE_IDENTIFIER = "com.brotsky.rust-test-harness";
				PRODUCT_NAME = "$(TARGET_NAME)";
				PROVISIONING_PROFILE_SPECIFIER = "";
				REGISTER_APP_GROUPS = YES;
				SDKROOT = macosx;
				SWIFT_EMIT_LOC_STRINGS = YES;
				SWIFT_OBJC_BRIDGING_HEADER = "${PROJECT_DIR}/test-runner/test-Bridging-Header.h";
				SWIFT_VERSION = 5.0;
			};
			name = Release;
		};
		377969AD27A6749B00F0EF3C /* Debug */ = {
			isa = XCBuildConfiguration;
			buildSettings = {
				ALWAYS_SEARCH_USER_PATHS = NO;
				CLANG_ANALYZER_NONNULL = YES;
				CLANG_ANALYZER_NUMBER_OBJECT_CONVERSION = YES_AGGRESSIVE;
				CLANG_CXX_LANGUAGE_STANDARD = "gnu++17";
				CLANG_CXX_LIBRARY = "libc++";
				CLANG_ENABLE_MODULES = YES;
				CLANG_ENABLE_OBJC_ARC = YES;
				CLANG_ENABLE_OBJC_WEAK = YES;
				CLANG_WARN_BLOCK_CAPTURE_AUTORELEASING = YES;
				CLANG_WARN_BOOL_CONVERSION = YES;
				CLANG_WARN_COMMA = YES;
				CLANG_WARN_CONSTANT_CONVERSION = YES;
				CLANG_WARN_DEPRECATED_OBJC_IMPLEMENTATIONS = YES;
				CLANG_WARN_DIRECT_OBJC_ISA_USAGE = YES_ERROR;
				CLANG_WARN_DOCUMENTATION_COMMENTS = YES;
				CLANG_WARN_EMPTY_BODY = YES;
				CLANG_WARN_ENUM_CONVERSION = YES;
				CLANG_WARN_INFINITE_RECURSION = YES;
				CLANG_WARN_INT_CONVERSION = YES;
				CLANG_WARN_NON_LITERAL_NULL_CONVERSION = YES;
				CLANG_WARN_OBJC_IMPLICIT_RETAIN_SELF = YES;
				CLANG_WARN_OBJC_LITERAL_CONVERSION = YES;
				CLANG_WARN_OBJC_ROOT_CLASS = YES_ERROR;
				CLANG_WARN_QUOTED_INCLUDE_IN_FRAMEWORK_HEADER = YES;
				CLANG_WARN_RANGE_LOOP_ANALYSIS = YES;
				CLANG_WARN_STRICT_PROTOTYPES = YES;
				CLANG_WARN_SUSPICIOUS_MOVE = YES;
				CLANG_WARN_UNGUARDED_AVAILABILITY = YES_AGGRESSIVE;
				CLANG_WARN_UNREACHABLE_CODE = YES;
				CLANG_WARN__DUPLICATE_METHOD_MATCH = YES;
				COPY_PHASE_STRIP = NO;
				DEBUG_INFORMATION_FORMAT = dwarf;
				ENABLE_STRICT_OBJC_MSGSEND = YES;
				ENABLE_TESTABILITY = YES;
				ENABLE_USER_SCRIPT_SANDBOXING = NO;
				GCC_C_LANGUAGE_STANDARD = gnu11;
				GCC_DYNAMIC_NO_PIC = NO;
				GCC_NO_COMMON_BLOCKS = YES;
				GCC_OPTIMIZATION_LEVEL = 0;
				GCC_PREPROCESSOR_DEFINITIONS = (
					"DEBUG=1",
					"$(inherited)",
				);
				GCC_WARN_64_TO_32_BIT_CONVERSION = YES;
				GCC_WARN_ABOUT_RETURN_TYPE = YES_ERROR;
				GCC_WARN_UNDECLARED_SELECTOR = YES;
				GCC_WARN_UNINITIALIZED_AUTOS = YES_AGGRESSIVE;
				GCC_WARN_UNUSED_FUNCTION = YES;
				GCC_WARN_UNUSED_VARIABLE = YES;
				IPHONEOS_DEPLOYMENT_TARGET = 15.2;
				MTL_ENABLE_DEBUG_INFO = INCLUDE_SOURCE;
				MTL_FAST_MATH = YES;
				ONLY_ACTIVE_ARCH = YES;
				SDKROOT = iphoneos;
				SWIFT_ACTIVE_COMPILATION_CONDITIONS = DEBUG;
				SWIFT_OPTIMIZATION_LEVEL = "-Onone";
			};
			name = Debug;
		};
		377969AE27A6749B00F0EF3C /* Release */ = {
			isa = XCBuildConfiguration;
			buildSettings = {
				ALWAYS_SEARCH_USER_PATHS = NO;
				CLANG_ANALYZER_NONNULL = YES;
				CLANG_ANALYZER_NUMBER_OBJECT_CONVERSION = YES_AGGRESSIVE;
				CLANG_CXX_LANGUAGE_STANDARD = "gnu++17";
				CLANG_CXX_LIBRARY = "libc++";
				CLANG_ENABLE_MODULES = YES;
				CLANG_ENABLE_OBJC_ARC = YES;
				CLANG_ENABLE_OBJC_WEAK = YES;
				CLANG_WARN_BLOCK_CAPTURE_AUTORELEASING = YES;
				CLANG_WARN_BOOL_CONVERSION = YES;
				CLANG_WARN_COMMA = YES;
				CLANG_WARN_CONSTANT_CONVERSION = YES;
				CLANG_WARN_DEPRECATED_OBJC_IMPLEMENTATIONS = YES;
				CLANG_WARN_DIRECT_OBJC_ISA_USAGE = YES_ERROR;
				CLANG_WARN_DOCUMENTATION_COMMENTS = YES;
				CLANG_WARN_EMPTY_BODY = YES;
				CLANG_WARN_ENUM_CONVERSION = YES;
				CLANG_WARN_INFINITE_RECURSION = YES;
				CLANG_WARN_INT_CONVERSION = YES;
				CLANG_WARN_NON_LITERAL_NULL_CONVERSION = YES;
				CLANG_WARN_OBJC_IMPLICIT_RETAIN_SELF = YES;
				CLANG_WARN_OBJC_LITERAL_CONVERSION = YES;
				CLANG_WARN_OBJC_ROOT_CLASS = YES_ERROR;
				CLANG_WARN_QUOTED_INCLUDE_IN_FRAMEWORK_HEADER = YES;
				CLANG_WARN_RANGE_LOOP_ANALYSIS = YES;
				CLANG_WARN_STRICT_PROTOTYPES = YES;
				CLANG_WARN_SUSPICIOUS_MOVE = YES;
				CLANG_WARN_UNGUARDED_AVAILABILITY = YES_AGGRESSIVE;
				CLANG_WARN_UNREACHABLE_CODE = YES;
				CLANG_WARN__DUPLICATE_METHOD_MATCH = YES;
				COPY_PHASE_STRIP = NO;
				DEBUG_INFORMATION_FORMAT = "dwarf-with-dsym";
				ENABLE_NS_ASSERTIONS = NO;
				ENABLE_STRICT_OBJC_MSGSEND = YES;
				ENABLE_USER_SCRIPT_SANDBOXING = NO;
				GCC_C_LANGUAGE_STANDARD = gnu11;
				GCC_NO_COMMON_BLOCKS = YES;
				GCC_WARN_64_TO_32_BIT_CONVERSION = YES;
				GCC_WARN_ABOUT_RETURN_TYPE = YES_ERROR;
				GCC_WARN_UNDECLARED_SELECTOR = YES;
				GCC_WARN_UNINITIALIZED_AUTOS = YES_AGGRESSIVE;
				GCC_WARN_UNUSED_FUNCTION = YES;
				GCC_WARN_UNUSED_VARIABLE = YES;
				IPHONEOS_DEPLOYMENT_TARGET = 15.2;
				MTL_ENABLE_DEBUG_INFO = NO;
				MTL_FAST_MATH = YES;
				SDKROOT = iphoneos;
				SWIFT_COMPILATION_MODE = wholemodule;
				SWIFT_OPTIMIZATION_LEVEL = "-O";
				VALIDATE_PRODUCT = YES;
			};
			name = Release;
		};
		377969B027A6749B00F0EF3C /* Debug */ = {
			isa = XCBuildConfiguration;
			buildSettings = {
				ASSETCATALOG_COMPILER_APPICON_NAME = AppIcon;
				ASSETCATALOG_COMPILER_GLOBAL_ACCENT_COLOR_NAME = AccentColor;
				CODE_SIGN_ENTITLEMENTS = "ios-test-harness/ios-test-harness.entitlements";
				CODE_SIGN_STYLE = Automatic;
				CURRENT_PROJECT_VERSION = 2.0.1;
				DEVELOPMENT_ASSET_PATHS = "\"ios-test-harness/Preview Content\"";
				DEVELOPMENT_TEAM = 85H73V9R3F;
				ENABLE_PREVIEWS = YES;
				GENERATE_INFOPLIST_FILE = YES;
				INFOPLIST_KEY_CFBundleDisplayName = "iOS Rust Test Harness";
				INFOPLIST_KEY_UIApplicationSceneManifest_Generation = YES;
				INFOPLIST_KEY_UIApplicationSupportsIndirectInputEvents = YES;
				INFOPLIST_KEY_UILaunchScreen_Generation = YES;
				INFOPLIST_KEY_UISupportedInterfaceOrientations_iPad = "UIInterfaceOrientationPortrait UIInterfaceOrientationPortraitUpsideDown UIInterfaceOrientationLandscapeLeft UIInterfaceOrientationLandscapeRight";
				INFOPLIST_KEY_UISupportedInterfaceOrientations_iPhone = "UIInterfaceOrientationPortrait UIInterfaceOrientationLandscapeLeft UIInterfaceOrientationLandscapeRight";
				LD_RUNPATH_SEARCH_PATHS = (
					"$(inherited)",
					"@executable_path/Frameworks",
				);
				LIBRARY_SEARCH_PATHS = "$(DERIVED_FILES_DIR)";
				"LIBRARY_SEARCH_PATHS[arch=*]" = "$(DERIVED_FILES_DIR)";
				LINKER_DISPLAYS_MANGLED_NAMES = NO;
				MARKETING_VERSION = 2.0;
				OTHER_LDFLAGS = "";
				PRODUCT_BUNDLE_IDENTIFIER = "com.brotsky.rust-test-harness";
				PRODUCT_NAME = "iOS Test Harness";
				SWIFT_EMIT_LOC_STRINGS = YES;
				SWIFT_OBJC_BRIDGING_HEADER = "$(PROJECT_DIR)/test-runner/test-Bridging-Header.h";
				SWIFT_VERSION = 5.0;
				TARGETED_DEVICE_FAMILY = "1,2";
			};
			name = Debug;
		};
		377969B127A6749B00F0EF3C /* Release */ = {
			isa = XCBuildConfiguration;
			buildSettings = {
				ASSETCATALOG_COMPILER_APPICON_NAME = AppIcon;
				ASSETCATALOG_COMPILER_GLOBAL_ACCENT_COLOR_NAME = AccentColor;
				CODE_SIGN_ENTITLEMENTS = "ios-test-harness/ios-test-harness.entitlements";
				CODE_SIGN_STYLE = Automatic;
				CURRENT_PROJECT_VERSION = 2.0.1;
				DEVELOPMENT_ASSET_PATHS = "\"ios-test-harness/Preview Content\"";
				DEVELOPMENT_TEAM = 85H73V9R3F;
				ENABLE_PREVIEWS = YES;
				GENERATE_INFOPLIST_FILE = YES;
				INFOPLIST_KEY_CFBundleDisplayName = "iOS Rust Test Harness";
				INFOPLIST_KEY_UIApplicationSceneManifest_Generation = YES;
				INFOPLIST_KEY_UIApplicationSupportsIndirectInputEvents = YES;
				INFOPLIST_KEY_UILaunchScreen_Generation = YES;
				INFOPLIST_KEY_UISupportedInterfaceOrientations_iPad = "UIInterfaceOrientationPortrait UIInterfaceOrientationPortraitUpsideDown UIInterfaceOrientationLandscapeLeft UIInterfaceOrientationLandscapeRight";
				INFOPLIST_KEY_UISupportedInterfaceOrientations_iPhone = "UIInterfaceOrientationPortrait UIInterfaceOrientationLandscapeLeft UIInterfaceOrientationLandscapeRight";
				LD_RUNPATH_SEARCH_PATHS = (
					"$(inherited)",
					"@executable_path/Frameworks",
				);
				LIBRARY_SEARCH_PATHS = "$(DERIVED_FILES_DIR)";
				"LIBRARY_SEARCH_PATHS[arch=*]" = "$(DERIVED_FILES_DIR)";
				LINKER_DISPLAYS_MANGLED_NAMES = NO;
				MARKETING_VERSION = 2.0;
				OTHER_LDFLAGS = "";
				PRODUCT_BUNDLE_IDENTIFIER = "com.brotsky.rust-test-harness";
				PRODUCT_NAME = "iOS Test Harness";
				SWIFT_EMIT_LOC_STRINGS = YES;
				SWIFT_OBJC_BRIDGING_HEADER = "$(PROJECT_DIR)/test-runner/test-Bridging-Header.h";
				SWIFT_VERSION = 5.0;
				TARGETED_DEVICE_FAMILY = "1,2";
			};
			name = Release;
		};
/* End XCBuildConfiguration section */

/* Begin XCConfigurationList section */
		3730AE902E42A6B900208B7B /* Build configuration list for PBXNativeTarget "macos-test-harness" */ = {
			isa = XCConfigurationList;
			buildConfigurations = (
				3730AE8E2E42A6B900208B7B /* Debug */,
				3730AE8F2E42A6B900208B7B /* Release */,
			);
			defaultConfigurationIsVisible = 0;
			defaultConfigurationName = Release;
		};
		3779698627A6749700F0EF3C /* Build configuration list for PBXProject "rust-test-harness" */ = {
			isa = XCConfigurationList;
			buildConfigurations = (
				377969AD27A6749B00F0EF3C /* Debug */,
				377969AE27A6749B00F0EF3C /* Release */,
			);
			defaultConfigurationIsVisible = 0;
			defaultConfigurationName = Release;
		};
		377969AF27A6749B00F0EF3C /* Build configuration list for PBXNativeTarget "ios-test-harness" */ = {
			isa = XCConfigurationList;
			buildConfigurations = (
				377969B027A6749B00F0EF3C /* Debug */,
				377969B127A6749B00F0EF3C /* Release */,
			);
			defaultConfigurationIsVisible = 0;
			defaultConfigurationName = Release;
		};
/* End XCConfigurationList section */
	};
	rootObject = 3779698327A6749700F0EF3C /* Project object */;
}
